
Microsoft Visual Studio Solution File, Format Version 12.00
# Visual Studio Version 17
VisualStudioVersion = 17.14.36414.22
MinimumVisualStudioVersion = 10.0.40219.1
Project("{FAE04EC0-301F-11D3-BF4B-00C04F79EFBC}") = "TrackAdvisor.WEB", "TrackAdvisor\TrackAdvisor.WEB.csproj", "{D60BD4D6-FBE7-431E-89B2-E5C0B6A03F6D}"
	ProjectSection(ProjectDependencies) = postProject
		{99BA0F64-4E7A-47A2-9BCF-D997D1B14AB0} = {99BA0F64-4E7A-47A2-9BCF-D997D1B14AB0}
		{E3754437-13E3-4AA2-8190-5FB57A2CFCB6} = {E3754437-13E3-4AA2-8190-5FB57A2CFCB6}
	EndProjectSection
EndProject
Project("{FAE04EC0-301F-11D3-BF4B-00C04F79EFBC}") = "TrackAdvisor.BLL", "TrackAdvisor.BLL\TrackAdvisor.BLL.csproj", "{9F0AA106-51D0-401F-92D4-E78FA2C67221}"
	ProjectSection(ProjectDependencies) = postProject
		{E3754437-13E3-4AA2-8190-5FB57A2CFCB6} = {E3754437-13E3-4AA2-8190-5FB57A2CFCB6}
	EndProjectSection
EndProject
Project("{FAE04EC0-301F-11D3-BF4B-00C04F79EFBC}") = "TrackAdvisor.DAL", "TrackAdvisor.DAL\TrackAdvisor.DAL.csproj", "{99BA0F64-4E7A-47A2-9BCF-D997D1B14AB0}"
	ProjectSection(ProjectDependencies) = postProject
		{E3754437-13E3-4AA2-8190-5FB57A2CFCB6} = {E3754437-13E3-4AA2-8190-5FB57A2CFCB6}
	EndProjectSection
EndProject
Project("{FAE04EC0-301F-11D3-BF4B-00C04F79EFBC}") = "TrackAdvisor.MODELS", "TrackAdvisor.MODELS\TrackAdvisor.MODELS.csproj", "{E3754437-13E3-4AA2-8190-5FB57A2CFCB6}"
EndProject
Project("{FAE04EC0-301F-11D3-BF4B-00C04F79EFBC}") = "TrackAdvisor.Tests", "TrackAdvisor.Tests\TrackAdvisor.Tests.csproj", "{56C7F07B-D9BF-4888-9657-36055DD27EB4}"
EndProject
Global
	GlobalSection(SolutionConfigurationPlatforms) = preSolution
		Debug|Any CPU = Debug|Any CPU
		Release|Any CPU = Release|Any CPU
	EndGlobalSection
	GlobalSection(ProjectConfigurationPlatforms) = postSolution
		{D60BD4D6-FBE7-431E-89B2-E5C0B6A03F6D}.Debug|Any CPU.ActiveCfg = Debug|Any CPU
		{D60BD4D6-FBE7-431E-89B2-E5C0B6A03F6D}.Debug|Any CPU.Build.0 = Debug|Any CPU
		{D60BD4D6-FBE7-431E-89B2-E5C0B6A03F6D}.Release|Any CPU.ActiveCfg = Release|Any CPU
		{D60BD4D6-FBE7-431E-89B2-E5C0B6A03F6D}.Release|Any CPU.Build.0 = Release|Any CPU
		{9F0AA106-51D0-401F-92D4-E78FA2C67221}.Debug|Any CPU.ActiveCfg = Debug|Any CPU
		{9F0AA106-51D0-401F-92D4-E78FA2C67221}.Debug|Any CPU.Build.0 = Debug|Any CPU
		{9F0AA106-51D0-401F-92D4-E78FA2C67221}.Release|Any CPU.ActiveCfg = Release|Any CPU
		{9F0AA106-51D0-401F-92D4-E78FA2C67221}.Release|Any CPU.Build.0 = Release|Any CPU
		{99BA0F64-4E7A-47A2-9BCF-D997D1B14AB0}.Debug|Any CPU.ActiveCfg = Debug|Any CPU
		{99BA0F64-4E7A-47A2-9BCF-D997D1B14AB0}.Debug|Any CPU.Build.0 = Debug|Any CPU
		{99BA0F64-4E7A-47A2-9BCF-D997D1B14AB0}.Release|Any CPU.ActiveCfg = Release|Any CPU
		{99BA0F64-4E7A-47A2-9BCF-D997D1B14AB0}.Release|Any CPU.Build.0 = Release|Any CPU
		{E3754437-13E3-4AA2-8190-5FB57A2CFCB6}.Debug|Any CPU.ActiveCfg = Debug|Any CPU
		{E3754437-13E3-4AA2-8190-5FB57A2CFCB6}.Debug|Any CPU.Build.0 = Debug|Any CPU
		{E3754437-13E3-4AA2-8190-5FB57A2CFCB6}.Release|Any CPU.ActiveCfg = Release|Any CPU
		{E3754437-13E3-4AA2-8190-5FB57A2CFCB6}.Release|Any CPU.Build.0 = Release|Any CPU
		{56C7F07B-D9BF-4888-9657-36055DD27EB4}.Debug|Any CPU.ActiveCfg = Debug|Any CPU
		{56C7F07B-D9BF-4888-9657-36055DD27EB4}.Debug|Any CPU.Build.0 = Debug|Any CPU
		{56C7F07B-D9BF-4888-9657-36055DD27EB4}.Release|Any CPU.ActiveCfg = Release|Any CPU
		{56C7F07B-D9BF-4888-9657-36055DD27EB4}.Release|Any CPU.Build.0 = Release|Any CPU
	EndGlobalSection
	GlobalSection(SolutionProperties) = preSolution
		HideSolutionNode = FALSE
	EndGlobalSection
	GlobalSection(ExtensibilityGlobals) = postSolution
		SolutionGuid = {6A18FE8B-72A8-488F-A658-4773844EDFD4}
	EndGlobalSection
EndGlobal
